// !$*UTF8*$!
{
	archiveVersion = 1;
	classes = {
	};
	objectVersion = 56;
	objects = {

/* Begin PBXBuildFile section */
		DA1731712AE200C100EF10C8 /* dogArea.xcdatamodeld in Sources */ = {isa = PBXBuildFile; fileRef = DA17316F2AE200C100EF10C8 /* dogArea.xcdatamodeld */; };
		DA1731732AE2017500EF10C8 /* PersistenceController.swift in Sources */ = {isa = PBXBuildFile; fileRef = DA1731722AE2017500EF10C8 /* PersistenceController.swift */; };
		DA1731762AE20A4D00EF10C8 /* CoreDataDTO.swift in Sources */ = {isa = PBXBuildFile; fileRef = DA1731752AE20A4D00EF10C8 /* CoreDataDTO.swift */; };
		DA354FFD2B01DF1F00E4094A /* TimeIntervalExtensions.swift in Sources */ = {isa = PBXBuildFile; fileRef = DA354FFC2B01DF1F00E4094A /* TimeIntervalExtensions.swift */; };
		DA3550022B01E0F900E4094A /* UnderLine.swift in Sources */ = {isa = PBXBuildFile; fileRef = DA3550012B01E0F900E4094A /* UnderLine.swift */; };
		DA390A6F2AFE027C00BACF2B /* MapSubView.swift in Sources */ = {isa = PBXBuildFile; fileRef = DA390A6E2AFE027C00BACF2B /* MapSubView.swift */; };
		DA390A722AFE168500BACF2B /* SimpleMapView.swift in Sources */ = {isa = PBXBuildFile; fileRef = DA390A712AFE168500BACF2B /* SimpleMapView.swift */; };
		DA390A752AFE1AFC00BACF2B /* SimpleMessageView.swift in Sources */ = {isa = PBXBuildFile; fileRef = DA390A742AFE1AFC00BACF2B /* SimpleMessageView.swift */; };
		DA390A782AFE1E1200BACF2B /* MapCaptureView.swift in Sources */ = {isa = PBXBuildFile; fileRef = DA390A772AFE1E1200BACF2B /* MapCaptureView.swift */; };
		DA3F9B362ADE7C100048550C /* CustomAlertViewModel.swift in Sources */ = {isa = PBXBuildFile; fileRef = DA3F9B352ADE7C100048550C /* CustomAlertViewModel.swift */; };
		DA3F9B392ADE813A0048550C /* CustomAlertConfigure.swift in Sources */ = {isa = PBXBuildFile; fileRef = DA3F9B382ADE813A0048550C /* CustomAlertConfigure.swift */; };
		DA3F9BA02AE0F14F0048550C /* ProfileSettingsView.swift in Sources */ = {isa = PBXBuildFile; fileRef = DA3F9B972AE0F14F0048550C /* ProfileSettingsView.swift */; };
		DA3F9BA12AE0F14F0048550C /* NotificationCenterView.swift in Sources */ = {isa = PBXBuildFile; fileRef = DA3F9B982AE0F14F0048550C /* NotificationCenterView.swift */; };
		DA3F9BA22AE0F14F0048550C /* HomeView.swift in Sources */ = {isa = PBXBuildFile; fileRef = DA3F9B992AE0F14F0048550C /* HomeView.swift */; };
		DA3F9BA32AE0F14F0048550C /* MapView.swift in Sources */ = {isa = PBXBuildFile; fileRef = DA3F9B9B2AE0F14F0048550C /* MapView.swift */; };
		DA3F9BA42AE0F14F0048550C /* MapViewModel.swift in Sources */ = {isa = PBXBuildFile; fileRef = DA3F9B9C2AE0F14F0048550C /* MapViewModel.swift */; };
		DA3F9BA52AE0F14F0048550C /* MapModel.swift in Sources */ = {isa = PBXBuildFile; fileRef = DA3F9B9D2AE0F14F0048550C /* MapModel.swift */; };
		DA3F9BA62AE0F14F0048550C /* WalkListView.swift in Sources */ = {isa = PBXBuildFile; fileRef = DA3F9B9F2AE0F14F0048550C /* WalkListView.swift */; };
		DA3F9BAE2AE0F2410048550C /* ViewUtility.swift in Sources */ = {isa = PBXBuildFile; fileRef = DA3F9BAD2AE0F2410048550C /* ViewUtility.swift */; };
		DA3F9BD32AE0FF8A0048550C /* RootView.swift in Sources */ = {isa = PBXBuildFile; fileRef = DA3F9BD22AE0FF8A0048550C /* RootView.swift */; };
		DA3F9BD52AE0FF9B0048550C /* CustomTabBar.swift in Sources */ = {isa = PBXBuildFile; fileRef = DA3F9BD42AE0FF9B0048550C /* CustomTabBar.swift */; };
		DA4513802AFB1EC1007AD69B /* WalkListCell.swift in Sources */ = {isa = PBXBuildFile; fileRef = DA45137F2AFB1EC1007AD69B /* WalkListCell.swift */; };
		DA4513832AFB25C2007AD69B /* PositionMarkerView.swift in Sources */ = {isa = PBXBuildFile; fileRef = DA4513822AFB25C2007AD69B /* PositionMarkerView.swift */; };
		DA4513862AFB2CFC007AD69B /* WalkListViewModel.swift in Sources */ = {isa = PBXBuildFile; fileRef = DA4513852AFB2CFC007AD69B /* WalkListViewModel.swift */; };
		DA4513892AFB2D68007AD69B /* CoreDataProtocol.swift in Sources */ = {isa = PBXBuildFile; fileRef = DA4513882AFB2D68007AD69B /* CoreDataProtocol.swift */; };
		DA45138C2AFB36D4007AD69B /* WalkListModel.swift in Sources */ = {isa = PBXBuildFile; fileRef = DA45138B2AFB36D4007AD69B /* WalkListModel.swift */; };
		DA56FFE82AE2B9890040855B /* MapAlertSubView.swift in Sources */ = {isa = PBXBuildFile; fileRef = DA56FFE72AE2B9890040855B /* MapAlertSubView.swift */; };
		DA71C83D2AD787AC00081ED0 /* dogAreaApp.swift in Sources */ = {isa = PBXBuildFile; fileRef = DA71C83C2AD787AC00081ED0 /* dogAreaApp.swift */; };
		DA71C8412AD787AC00081ED0 /* Item.swift in Sources */ = {isa = PBXBuildFile; fileRef = DA71C8402AD787AC00081ED0 /* Item.swift */; };
		DA71C8432AD787AD00081ED0 /* Assets.xcassets in Resources */ = {isa = PBXBuildFile; fileRef = DA71C8422AD787AD00081ED0 /* Assets.xcassets */; };
		DA71C8462AD787AD00081ED0 /* Preview Assets.xcassets in Resources */ = {isa = PBXBuildFile; fileRef = DA71C8452AD787AD00081ED0 /* Preview Assets.xcassets */; };
		DA822CD62AFB5E21001EC94D /* StartButtonView.swift in Sources */ = {isa = PBXBuildFile; fileRef = DA822CD52AFB5E21001EC94D /* StartButtonView.swift */; };
		DA822CDD2AFB60B6001EC94D /* MapSettingView.swift in Sources */ = {isa = PBXBuildFile; fileRef = DA822CDC2AFB60B6001EC94D /* MapSettingView.swift */; };
		DA8BB9E52B024B1900E350C4 /* MapCapture.swift in Sources */ = {isa = PBXBuildFile; fileRef = DA8BB9E42B024B1900E350C4 /* MapCapture.swift */; };
		DA8BB9E82B0255B700E350C4 /* SettingViewModel.swift in Sources */ = {isa = PBXBuildFile; fileRef = DA8BB9E72B0255B700E350C4 /* SettingViewModel.swift */; };
		DA933BE92ADD04E70029856C /* CustomAlertView.swift in Sources */ = {isa = PBXBuildFile; fileRef = DA933BE82ADD04E70029856C /* CustomAlertView.swift */; };
		DA95CC6C2ADE0682004AD94D /* OpenAIClient.h in Headers */ = {isa = PBXBuildFile; fileRef = DA95CC6B2ADE0682004AD94D /* OpenAIClient.h */; settings = {ATTRIBUTES = (Public, ); }; };
		DA95CC6F2ADE0682004AD94D /* OpenAIClient.framework in Frameworks */ = {isa = PBXBuildFile; fileRef = DA95CC692ADE0682004AD94D /* OpenAIClient.framework */; };
		DA95CC702ADE0682004AD94D /* OpenAIClient.framework in Embed Frameworks */ = {isa = PBXBuildFile; fileRef = DA95CC692ADE0682004AD94D /* OpenAIClient.framework */; settings = {ATTRIBUTES = (CodeSignOnCopy, RemoveHeadersOnCopy, ); }; };
		DA95CC782ADE09D6004AD94D /* OpenAPIRuntime in Frameworks */ = {isa = PBXBuildFile; productRef = DA95CC772ADE09D6004AD94D /* OpenAPIRuntime */; };
		DA95CC7B2ADE0A07004AD94D /* OpenAPIURLSession in Frameworks */ = {isa = PBXBuildFile; productRef = DA95CC7A2ADE0A07004AD94D /* OpenAPIURLSession */; };
		DA95CC7F2ADE0A62004AD94D /* openapi.yaml in Resources */ = {isa = PBXBuildFile; fileRef = DA95CC7E2ADE0A62004AD94D /* openapi.yaml */; };
		DA95CC812ADE0ADA004AD94D /* openapi-generator-config.yaml in Resources */ = {isa = PBXBuildFile; fileRef = DA95CC802ADE0ADA004AD94D /* openapi-generator-config.yaml */; };
		DA95CC832ADE0B8C004AD94D /* OpenAIClient.swift in Sources */ = {isa = PBXBuildFile; fileRef = DA95CC822ADE0B8C004AD94D /* OpenAIClient.swift */; };
		DA95CC8B2ADE1475004AD94D /* TextToImageView.swift in Sources */ = {isa = PBXBuildFile; fileRef = DA95CC8A2ADE1475004AD94D /* TextToImageView.swift */; };
		DA95CC8D2ADE1736004AD94D /* ImageGenerateViewModel.swift in Sources */ = {isa = PBXBuildFile; fileRef = DA95CC862ADE1209004AD94D /* ImageGenerateViewModel.swift */; };
		DA99F9B12AFA1EAB00B1483F /* Lottie in Frameworks */ = {isa = PBXBuildFile; productRef = DA99F9B02AFA1EAB00B1483F /* Lottie */; };
		DA99F9E12AFA343F00B1483F /* dogAreaSplash.json in Resources */ = {isa = PBXBuildFile; fileRef = DA99F9E02AFA343F00B1483F /* dogAreaSplash.json */; };
		DA99F9E62AFA4F3E00B1483F /* Color.swift in Sources */ = {isa = PBXBuildFile; fileRef = DA99F9E52AFA4F3E00B1483F /* Color.swift */; };
		DA99F9E82AFA4F9000B1483F /* Font.swift in Sources */ = {isa = PBXBuildFile; fileRef = DA99F9E72AFA4F9000B1483F /* Font.swift */; };
		DA99F9F32AFA50D700B1483F /* Pretendard-SemiBold.otf in Resources */ = {isa = PBXBuildFile; fileRef = DA99F9E92AFA50D500B1483F /* Pretendard-SemiBold.otf */; };
		DA99F9F42AFA50D700B1483F /* Pretendard-SemiBold.otf in Resources */ = {isa = PBXBuildFile; fileRef = DA99F9E92AFA50D500B1483F /* Pretendard-SemiBold.otf */; };
		DA99F9F52AFA50D700B1483F /* Pretendard-Regular.otf in Resources */ = {isa = PBXBuildFile; fileRef = DA99F9EA2AFA50D600B1483F /* Pretendard-Regular.otf */; };
		DA99F9F62AFA50D700B1483F /* Pretendard-Regular.otf in Resources */ = {isa = PBXBuildFile; fileRef = DA99F9EA2AFA50D600B1483F /* Pretendard-Regular.otf */; };
		DA99F9F72AFA50D700B1483F /* Pretendard-Thin.otf in Resources */ = {isa = PBXBuildFile; fileRef = DA99F9EB2AFA50D600B1483F /* Pretendard-Thin.otf */; };
		DA99F9F82AFA50D700B1483F /* Pretendard-Thin.otf in Resources */ = {isa = PBXBuildFile; fileRef = DA99F9EB2AFA50D600B1483F /* Pretendard-Thin.otf */; };
		DA99F9F92AFA50D700B1483F /* Pretendard-Medium.otf in Resources */ = {isa = PBXBuildFile; fileRef = DA99F9ED2AFA50D600B1483F /* Pretendard-Medium.otf */; };
		DA99F9FA2AFA50D700B1483F /* Pretendard-Medium.otf in Resources */ = {isa = PBXBuildFile; fileRef = DA99F9ED2AFA50D600B1483F /* Pretendard-Medium.otf */; };
		DA99F9FB2AFA50D700B1483F /* Pretendard-ExtraBold.otf in Resources */ = {isa = PBXBuildFile; fileRef = DA99F9EE2AFA50D600B1483F /* Pretendard-ExtraBold.otf */; };
		DA99F9FC2AFA50D700B1483F /* Pretendard-ExtraBold.otf in Resources */ = {isa = PBXBuildFile; fileRef = DA99F9EE2AFA50D600B1483F /* Pretendard-ExtraBold.otf */; };
		DA99F9FD2AFA50D700B1483F /* Pretendard-ExtraLight.otf in Resources */ = {isa = PBXBuildFile; fileRef = DA99F9EF2AFA50D600B1483F /* Pretendard-ExtraLight.otf */; };
		DA99F9FE2AFA50D700B1483F /* Pretendard-ExtraLight.otf in Resources */ = {isa = PBXBuildFile; fileRef = DA99F9EF2AFA50D600B1483F /* Pretendard-ExtraLight.otf */; };
		DA99F9FF2AFA50D700B1483F /* Pretendard-Bold.otf in Resources */ = {isa = PBXBuildFile; fileRef = DA99F9F02AFA50D700B1483F /* Pretendard-Bold.otf */; };
		DA99FA002AFA50D700B1483F /* Pretendard-Bold.otf in Resources */ = {isa = PBXBuildFile; fileRef = DA99F9F02AFA50D700B1483F /* Pretendard-Bold.otf */; };
		DA99FA012AFA50D700B1483F /* Pretendard-Light.otf in Resources */ = {isa = PBXBuildFile; fileRef = DA99F9F12AFA50D700B1483F /* Pretendard-Light.otf */; };
		DA99FA022AFA50D700B1483F /* Pretendard-Light.otf in Resources */ = {isa = PBXBuildFile; fileRef = DA99F9F12AFA50D700B1483F /* Pretendard-Light.otf */; };
		DA99FA032AFA50D700B1483F /* Pretendard-Black.otf in Resources */ = {isa = PBXBuildFile; fileRef = DA99F9F22AFA50D700B1483F /* Pretendard-Black.otf */; };
		DA99FA042AFA50D700B1483F /* Pretendard-Black.otf in Resources */ = {isa = PBXBuildFile; fileRef = DA99F9F22AFA50D700B1483F /* Pretendard-Black.otf */; };
		DAA8E4D62B01A03700F9190B /* WalkListDetailView.swift in Sources */ = {isa = PBXBuildFile; fileRef = DAA8E4D52B01A03700F9190B /* WalkListDetailView.swift */; };
		DAA8E4F92B01A80C00F9190B /* TabAppear.swift in Sources */ = {isa = PBXBuildFile; fileRef = DAA8E4F82B01A80C00F9190B /* TabAppear.swift */; };
		DAAE221F2AFCBDC4005FD096 /* StartModalView.swift in Sources */ = {isa = PBXBuildFile; fileRef = DAAE221E2AFCBDC4005FD096 /* StartModalView.swift */; };
		DAAE22232AFCC225005FD096 /* WalkDetailView.swift in Sources */ = {isa = PBXBuildFile; fileRef = DAAE22222AFCC225005FD096 /* WalkDetailView.swift */; };
		DAED24FB2AFA1C980044715A /* LottieView.swift in Sources */ = {isa = PBXBuildFile; fileRef = DAED24FA2AFA1C980044715A /* LottieView.swift */; };
		DAED25022AFA1D430044715A /* SplashView.swift in Sources */ = {isa = PBXBuildFile; fileRef = DAED25012AFA1D430044715A /* SplashView.swift */; };
/* End PBXBuildFile section */

/* Begin PBXContainerItemProxy section */
		DA95CC6D2ADE0682004AD94D /* PBXContainerItemProxy */ = {
			isa = PBXContainerItemProxy;
			containerPortal = DA71C8312AD787AC00081ED0 /* Project object */;
			proxyType = 1;
			remoteGlobalIDString = DA95CC682ADE0682004AD94D;
			remoteInfo = OpenAIClient;
		};
/* End PBXContainerItemProxy section */

/* Begin PBXCopyFilesBuildPhase section */
		DA3C141C2AF0847600324A14 /* Embed Foundation Extensions */ = {
			isa = PBXCopyFilesBuildPhase;
			buildActionMask = 2147483647;
			dstPath = "";
			dstSubfolderSpec = 13;
			files = (
			);
			name = "Embed Foundation Extensions";
			runOnlyForDeploymentPostprocessing = 0;
		};
		DA95CC742ADE0682004AD94D /* Embed Frameworks */ = {
			isa = PBXCopyFilesBuildPhase;
			buildActionMask = 2147483647;
			dstPath = "";
			dstSubfolderSpec = 10;
			files = (
				DA95CC702ADE0682004AD94D /* OpenAIClient.framework in Embed Frameworks */,
			);
			name = "Embed Frameworks";
			runOnlyForDeploymentPostprocessing = 0;
		};
/* End PBXCopyFilesBuildPhase section */

/* Begin PBXFileReference section */
		DA0FB2082AD7B21C00B235CF /* Info.plist */ = {isa = PBXFileReference; lastKnownFileType = text.plist; path = Info.plist; sourceTree = "<group>"; };
		DA1731702AE200C100EF10C8 /* dogArea.xcdatamodel */ = {isa = PBXFileReference; lastKnownFileType = wrapper.xcdatamodel; path = dogArea.xcdatamodel; sourceTree = "<group>"; };
		DA1731722AE2017500EF10C8 /* PersistenceController.swift */ = {isa = PBXFileReference; lastKnownFileType = sourcecode.swift; path = PersistenceController.swift; sourceTree = "<group>"; };
		DA1731752AE20A4D00EF10C8 /* CoreDataDTO.swift */ = {isa = PBXFileReference; lastKnownFileType = sourcecode.swift; path = CoreDataDTO.swift; sourceTree = "<group>"; };
		DA354FFC2B01DF1F00E4094A /* TimeIntervalExtensions.swift */ = {isa = PBXFileReference; lastKnownFileType = sourcecode.swift; path = TimeIntervalExtensions.swift; sourceTree = "<group>"; };
		DA3550012B01E0F900E4094A /* UnderLine.swift */ = {isa = PBXFileReference; lastKnownFileType = sourcecode.swift; path = UnderLine.swift; sourceTree = "<group>"; };
		DA390A6E2AFE027C00BACF2B /* MapSubView.swift */ = {isa = PBXFileReference; lastKnownFileType = sourcecode.swift; path = MapSubView.swift; sourceTree = "<group>"; };
		DA390A712AFE168500BACF2B /* SimpleMapView.swift */ = {isa = PBXFileReference; lastKnownFileType = sourcecode.swift; path = SimpleMapView.swift; sourceTree = "<group>"; };
		DA390A742AFE1AFC00BACF2B /* SimpleMessageView.swift */ = {isa = PBXFileReference; lastKnownFileType = sourcecode.swift; path = SimpleMessageView.swift; sourceTree = "<group>"; };
		DA390A772AFE1E1200BACF2B /* MapCaptureView.swift */ = {isa = PBXFileReference; lastKnownFileType = sourcecode.swift; path = MapCaptureView.swift; sourceTree = "<group>"; };
		DA3C140D2AF0847600324A14 /* ManagedSettings.framework */ = {isa = PBXFileReference; lastKnownFileType = wrapper.framework; name = ManagedSettings.framework; path = System/Library/Frameworks/ManagedSettings.framework; sourceTree = SDKROOT; };
		DA3C140F2AF0847600324A14 /* ManagedSettingsUI.framework */ = {isa = PBXFileReference; lastKnownFileType = wrapper.framework; name = ManagedSettingsUI.framework; path = System/Library/Frameworks/ManagedSettingsUI.framework; sourceTree = SDKROOT; };
		DA3F9B352ADE7C100048550C /* CustomAlertViewModel.swift */ = {isa = PBXFileReference; lastKnownFileType = sourcecode.swift; path = CustomAlertViewModel.swift; sourceTree = "<group>"; };
		DA3F9B382ADE813A0048550C /* CustomAlertConfigure.swift */ = {isa = PBXFileReference; lastKnownFileType = sourcecode.swift; path = CustomAlertConfigure.swift; sourceTree = "<group>"; };
		DA3F9B972AE0F14F0048550C /* ProfileSettingsView.swift */ = {isa = PBXFileReference; fileEncoding = 4; lastKnownFileType = sourcecode.swift; path = ProfileSettingsView.swift; sourceTree = "<group>"; };
		DA3F9B982AE0F14F0048550C /* NotificationCenterView.swift */ = {isa = PBXFileReference; fileEncoding = 4; lastKnownFileType = sourcecode.swift; path = NotificationCenterView.swift; sourceTree = "<group>"; };
		DA3F9B992AE0F14F0048550C /* HomeView.swift */ = {isa = PBXFileReference; fileEncoding = 4; lastKnownFileType = sourcecode.swift; path = HomeView.swift; sourceTree = "<group>"; };
		DA3F9B9B2AE0F14F0048550C /* MapView.swift */ = {isa = PBXFileReference; fileEncoding = 4; lastKnownFileType = sourcecode.swift; path = MapView.swift; sourceTree = "<group>"; };
		DA3F9B9C2AE0F14F0048550C /* MapViewModel.swift */ = {isa = PBXFileReference; fileEncoding = 4; lastKnownFileType = sourcecode.swift; path = MapViewModel.swift; sourceTree = "<group>"; };
		DA3F9B9D2AE0F14F0048550C /* MapModel.swift */ = {isa = PBXFileReference; fileEncoding = 4; lastKnownFileType = sourcecode.swift; path = MapModel.swift; sourceTree = "<group>"; };
		DA3F9B9F2AE0F14F0048550C /* WalkListView.swift */ = {isa = PBXFileReference; fileEncoding = 4; lastKnownFileType = sourcecode.swift; path = WalkListView.swift; sourceTree = "<group>"; };
		DA3F9BAD2AE0F2410048550C /* ViewUtility.swift */ = {isa = PBXFileReference; fileEncoding = 4; lastKnownFileType = sourcecode.swift; path = ViewUtility.swift; sourceTree = "<group>"; };
		DA3F9BD22AE0FF8A0048550C /* RootView.swift */ = {isa = PBXFileReference; lastKnownFileType = sourcecode.swift; path = RootView.swift; sourceTree = "<group>"; };
		DA3F9BD42AE0FF9B0048550C /* CustomTabBar.swift */ = {isa = PBXFileReference; lastKnownFileType = sourcecode.swift; path = CustomTabBar.swift; sourceTree = "<group>"; };
		DA45137D2AFA6DC1007AD69B /* OpenAIConfiguration.xcconfig */ = {isa = PBXFileReference; lastKnownFileType = text.xcconfig; path = OpenAIConfiguration.xcconfig; sourceTree = "<group>"; };
		DA45137F2AFB1EC1007AD69B /* WalkListCell.swift */ = {isa = PBXFileReference; lastKnownFileType = sourcecode.swift; path = WalkListCell.swift; sourceTree = "<group>"; };
		DA4513822AFB25C2007AD69B /* PositionMarkerView.swift */ = {isa = PBXFileReference; lastKnownFileType = sourcecode.swift; path = PositionMarkerView.swift; sourceTree = "<group>"; };
		DA4513852AFB2CFC007AD69B /* WalkListViewModel.swift */ = {isa = PBXFileReference; lastKnownFileType = sourcecode.swift; path = WalkListViewModel.swift; sourceTree = "<group>"; };
		DA4513882AFB2D68007AD69B /* CoreDataProtocol.swift */ = {isa = PBXFileReference; lastKnownFileType = sourcecode.swift; path = CoreDataProtocol.swift; sourceTree = "<group>"; };
		DA45138B2AFB36D4007AD69B /* WalkListModel.swift */ = {isa = PBXFileReference; lastKnownFileType = sourcecode.swift; path = WalkListModel.swift; sourceTree = "<group>"; };
		DA56FFE72AE2B9890040855B /* MapAlertSubView.swift */ = {isa = PBXFileReference; lastKnownFileType = sourcecode.swift; path = MapAlertSubView.swift; sourceTree = "<group>"; };
		DA71C8392AD787AC00081ED0 /* dogArea.app */ = {isa = PBXFileReference; explicitFileType = wrapper.application; includeInIndex = 0; path = dogArea.app; sourceTree = BUILT_PRODUCTS_DIR; };
		DA71C83C2AD787AC00081ED0 /* dogAreaApp.swift */ = {isa = PBXFileReference; lastKnownFileType = sourcecode.swift; path = dogAreaApp.swift; sourceTree = "<group>"; };
		DA71C8402AD787AC00081ED0 /* Item.swift */ = {isa = PBXFileReference; lastKnownFileType = sourcecode.swift; path = Item.swift; sourceTree = "<group>"; };
		DA71C8422AD787AD00081ED0 /* Assets.xcassets */ = {isa = PBXFileReference; lastKnownFileType = folder.assetcatalog; path = Assets.xcassets; sourceTree = "<group>"; };
		DA71C8452AD787AD00081ED0 /* Preview Assets.xcassets */ = {isa = PBXFileReference; lastKnownFileType = folder.assetcatalog; path = "Preview Assets.xcassets"; sourceTree = "<group>"; };
		DA822CD52AFB5E21001EC94D /* StartButtonView.swift */ = {isa = PBXFileReference; lastKnownFileType = sourcecode.swift; path = StartButtonView.swift; sourceTree = "<group>"; };
		DA822CDC2AFB60B6001EC94D /* MapSettingView.swift */ = {isa = PBXFileReference; lastKnownFileType = sourcecode.swift; path = MapSettingView.swift; sourceTree = "<group>"; };
		DA8BB9E42B024B1900E350C4 /* MapCapture.swift */ = {isa = PBXFileReference; lastKnownFileType = sourcecode.swift; path = MapCapture.swift; sourceTree = "<group>"; };
		DA8BB9E72B0255B700E350C4 /* SettingViewModel.swift */ = {isa = PBXFileReference; lastKnownFileType = sourcecode.swift; path = SettingViewModel.swift; sourceTree = "<group>"; };
		DA933BE82ADD04E70029856C /* CustomAlertView.swift */ = {isa = PBXFileReference; lastKnownFileType = sourcecode.swift; path = CustomAlertView.swift; sourceTree = "<group>"; };
		DA95CC692ADE0682004AD94D /* OpenAIClient.framework */ = {isa = PBXFileReference; explicitFileType = wrapper.framework; includeInIndex = 0; path = OpenAIClient.framework; sourceTree = BUILT_PRODUCTS_DIR; };
		DA95CC6B2ADE0682004AD94D /* OpenAIClient.h */ = {isa = PBXFileReference; lastKnownFileType = sourcecode.c.h; path = OpenAIClient.h; sourceTree = "<group>"; };
		DA95CC7E2ADE0A62004AD94D /* openapi.yaml */ = {isa = PBXFileReference; lastKnownFileType = text.yaml; path = openapi.yaml; sourceTree = "<group>"; };
		DA95CC802ADE0ADA004AD94D /* openapi-generator-config.yaml */ = {isa = PBXFileReference; lastKnownFileType = text.yaml; path = "openapi-generator-config.yaml"; sourceTree = "<group>"; };
		DA95CC822ADE0B8C004AD94D /* OpenAIClient.swift */ = {isa = PBXFileReference; lastKnownFileType = sourcecode.swift; path = OpenAIClient.swift; sourceTree = "<group>"; };
		DA95CC862ADE1209004AD94D /* ImageGenerateViewModel.swift */ = {isa = PBXFileReference; lastKnownFileType = sourcecode.swift; path = ImageGenerateViewModel.swift; sourceTree = "<group>"; };
		DA95CC8A2ADE1475004AD94D /* TextToImageView.swift */ = {isa = PBXFileReference; lastKnownFileType = sourcecode.swift; path = TextToImageView.swift; sourceTree = "<group>"; };
		DA99F9E02AFA343F00B1483F /* dogAreaSplash.json */ = {isa = PBXFileReference; fileEncoding = 4; lastKnownFileType = text.json; name = dogAreaSplash.json; path = ../../../../dogAreaSplash.json; sourceTree = "<group>"; };
		DA99F9E52AFA4F3E00B1483F /* Color.swift */ = {isa = PBXFileReference; lastKnownFileType = sourcecode.swift; path = Color.swift; sourceTree = "<group>"; };
		DA99F9E72AFA4F9000B1483F /* Font.swift */ = {isa = PBXFileReference; lastKnownFileType = sourcecode.swift; path = Font.swift; sourceTree = "<group>"; };
		DA99F9E92AFA50D500B1483F /* Pretendard-SemiBold.otf */ = {isa = PBXFileReference; lastKnownFileType = file; path = "Pretendard-SemiBold.otf"; sourceTree = "<group>"; };
		DA99F9EA2AFA50D600B1483F /* Pretendard-Regular.otf */ = {isa = PBXFileReference; lastKnownFileType = file; path = "Pretendard-Regular.otf"; sourceTree = "<group>"; };
		DA99F9EB2AFA50D600B1483F /* Pretendard-Thin.otf */ = {isa = PBXFileReference; lastKnownFileType = file; path = "Pretendard-Thin.otf"; sourceTree = "<group>"; };
		DA99F9ED2AFA50D600B1483F /* Pretendard-Medium.otf */ = {isa = PBXFileReference; lastKnownFileType = file; path = "Pretendard-Medium.otf"; sourceTree = "<group>"; };
		DA99F9EE2AFA50D600B1483F /* Pretendard-ExtraBold.otf */ = {isa = PBXFileReference; lastKnownFileType = file; path = "Pretendard-ExtraBold.otf"; sourceTree = "<group>"; };
		DA99F9EF2AFA50D600B1483F /* Pretendard-ExtraLight.otf */ = {isa = PBXFileReference; lastKnownFileType = file; path = "Pretendard-ExtraLight.otf"; sourceTree = "<group>"; };
		DA99F9F02AFA50D700B1483F /* Pretendard-Bold.otf */ = {isa = PBXFileReference; lastKnownFileType = file; path = "Pretendard-Bold.otf"; sourceTree = "<group>"; };
		DA99F9F12AFA50D700B1483F /* Pretendard-Light.otf */ = {isa = PBXFileReference; lastKnownFileType = file; path = "Pretendard-Light.otf"; sourceTree = "<group>"; };
		DA99F9F22AFA50D700B1483F /* Pretendard-Black.otf */ = {isa = PBXFileReference; lastKnownFileType = file; path = "Pretendard-Black.otf"; sourceTree = "<group>"; };
		DAA8E4D52B01A03700F9190B /* WalkListDetailView.swift */ = {isa = PBXFileReference; lastKnownFileType = sourcecode.swift; path = WalkListDetailView.swift; sourceTree = "<group>"; };
		DAA8E4F82B01A80C00F9190B /* TabAppear.swift */ = {isa = PBXFileReference; lastKnownFileType = sourcecode.swift; path = TabAppear.swift; sourceTree = "<group>"; };
		DAAE221E2AFCBDC4005FD096 /* StartModalView.swift */ = {isa = PBXFileReference; lastKnownFileType = sourcecode.swift; path = StartModalView.swift; sourceTree = "<group>"; };
		DAAE22222AFCC225005FD096 /* WalkDetailView.swift */ = {isa = PBXFileReference; lastKnownFileType = sourcecode.swift; path = WalkDetailView.swift; sourceTree = "<group>"; };
		DAED24FA2AFA1C980044715A /* LottieView.swift */ = {isa = PBXFileReference; lastKnownFileType = sourcecode.swift; path = LottieView.swift; sourceTree = "<group>"; };
		DAED25012AFA1D430044715A /* SplashView.swift */ = {isa = PBXFileReference; lastKnownFileType = sourcecode.swift; path = SplashView.swift; sourceTree = "<group>"; };
/* End PBXFileReference section */

/* Begin PBXFrameworksBuildPhase section */
		DA71C8362AD787AC00081ED0 /* Frameworks */ = {
			isa = PBXFrameworksBuildPhase;
			buildActionMask = 2147483647;
			files = (
				DA95CC6F2ADE0682004AD94D /* OpenAIClient.framework in Frameworks */,
				DA99F9B12AFA1EAB00B1483F /* Lottie in Frameworks */,
			);
			runOnlyForDeploymentPostprocessing = 0;
		};
		DA95CC662ADE0682004AD94D /* Frameworks */ = {
			isa = PBXFrameworksBuildPhase;
			buildActionMask = 2147483647;
			files = (
				DA95CC7B2ADE0A07004AD94D /* OpenAPIURLSession in Frameworks */,
				DA95CC782ADE09D6004AD94D /* OpenAPIRuntime in Frameworks */,
			);
			runOnlyForDeploymentPostprocessing = 0;
		};
/* End PBXFrameworksBuildPhase section */

/* Begin PBXGroup section */
		DA1731742AE20A3600EF10C8 /* Resource */ = {
			isa = PBXGroup;
			children = (
				DAED24F92AFA1C8A0044715A /* Animations */,
				DA56FFED2AE362000040855B /* Font */,
				DA99F9E52AFA4F3E00B1483F /* Color.swift */,
			);
			path = Resource;
			sourceTree = "<group>";
		};
		DA354FFF2B01DF8C00E4094A /* GlobalViews */ = {
			isa = PBXGroup;
			children = (
				DA3F9BD12AE0FF7B0048550C /* BaseView */,
				DA3F9BAF2AE0F24C0048550C /* AlertView */,
				DA390A742AFE1AFC00BACF2B /* SimpleMessageView.swift */,
				DA4513822AFB25C2007AD69B /* PositionMarkerView.swift */,
				DA3550012B01E0F900E4094A /* UnderLine.swift */,
			);
			path = GlobalViews;
			sourceTree = "<group>";
		};
		DA3550002B01DFE400E4094A /* HomeView */ = {
			isa = PBXGroup;
			children = (
				DA3F9B992AE0F14F0048550C /* HomeView.swift */,
			);
			path = HomeView;
			sourceTree = "<group>";
		};
		DA390A6C2AFDEAB900BACF2B /* WalkListSubView */ = {
			isa = PBXGroup;
			children = (
				DA390A712AFE168500BACF2B /* SimpleMapView.swift */,
				DA45137F2AFB1EC1007AD69B /* WalkListCell.swift */,
			);
			path = WalkListSubView;
			sourceTree = "<group>";
		};
		DA3C140C2AF0847600324A14 /* Frameworks */ = {
			isa = PBXGroup;
			children = (
				DA3C140D2AF0847600324A14 /* ManagedSettings.framework */,
				DA3C140F2AF0847600324A14 /* ManagedSettingsUI.framework */,
			);
			name = Frameworks;
			sourceTree = "<group>";
		};
		DA3F9B962AE0F14F0048550C /* Views */ = {
			isa = PBXGroup;
			children = (
				DA354FFF2B01DF8C00E4094A /* GlobalViews */,
				DA3550002B01DFE400E4094A /* HomeView */,
				DA3F9B9E2AE0F14F0048550C /* WalkListView */,
				DA3F9B9A2AE0F14F0048550C /* MapView */,
				DA95CC852ADE11F7004AD94D /* ImageGeneratorView */,
				DA822CDA2AFB6056001EC94D /* ProfileSettingView */,
			);
			path = Views;
			sourceTree = "<group>";
		};
		DA3F9B9A2AE0F14F0048550C /* MapView */ = {
			isa = PBXGroup;
			children = (
				DA56FFE52AE28EB00040855B /* MapSubViews */,
				DA3F9B9B2AE0F14F0048550C /* MapView.swift */,
				DAAE221E2AFCBDC4005FD096 /* StartModalView.swift */,
				DAAE22222AFCC225005FD096 /* WalkDetailView.swift */,
				DA3F9B9C2AE0F14F0048550C /* MapViewModel.swift */,
				DA3F9B9D2AE0F14F0048550C /* MapModel.swift */,
			);
			path = MapView;
			sourceTree = "<group>";
		};
		DA3F9B9E2AE0F14F0048550C /* WalkListView */ = {
			isa = PBXGroup;
			children = (
				DA390A6C2AFDEAB900BACF2B /* WalkListSubView */,
				DA3F9B9F2AE0F14F0048550C /* WalkListView.swift */,
				DA4513852AFB2CFC007AD69B /* WalkListViewModel.swift */,
				DA45138B2AFB36D4007AD69B /* WalkListModel.swift */,
				DAA8E4D52B01A03700F9190B /* WalkListDetailView.swift */,
			);
			path = WalkListView;
			sourceTree = "<group>";
		};
		DA3F9BAC2AE0F2410048550C /* Source */ = {
			isa = PBXGroup;
			children = (
				DA354FFC2B01DF1F00E4094A /* TimeIntervalExtensions.swift */,
				DA3F9BAD2AE0F2410048550C /* ViewUtility.swift */,
				DAA8E4F82B01A80C00F9190B /* TabAppear.swift */,
				DA4513882AFB2D68007AD69B /* CoreDataProtocol.swift */,
				DA1731752AE20A4D00EF10C8 /* CoreDataDTO.swift */,
			);
			path = Source;
			sourceTree = "<group>";
		};
		DA3F9BAF2AE0F24C0048550C /* AlertView */ = {
			isa = PBXGroup;
			children = (
				DA933BE82ADD04E70029856C /* CustomAlertView.swift */,
				DA3F9B352ADE7C100048550C /* CustomAlertViewModel.swift */,
				DA3F9B382ADE813A0048550C /* CustomAlertConfigure.swift */,
			);
			path = AlertView;
			sourceTree = "<group>";
		};
		DA3F9BD12AE0FF7B0048550C /* BaseView */ = {
			isa = PBXGroup;
			children = (
				DA3F9BD22AE0FF8A0048550C /* RootView.swift */,
				DAED25012AFA1D430044715A /* SplashView.swift */,
				DA3F9BD42AE0FF9B0048550C /* CustomTabBar.swift */,
			);
			path = BaseView;
			sourceTree = "<group>";
		};
		DA56FFE52AE28EB00040855B /* MapSubViews */ = {
			isa = PBXGroup;
			children = (
				DA56FFE72AE2B9890040855B /* MapAlertSubView.swift */,
				DA822CD52AFB5E21001EC94D /* StartButtonView.swift */,
				DA822CDC2AFB60B6001EC94D /* MapSettingView.swift */,
				DA390A6E2AFE027C00BACF2B /* MapSubView.swift */,
				DA390A772AFE1E1200BACF2B /* MapCaptureView.swift */,
				DA8BB9E42B024B1900E350C4 /* MapCapture.swift */,
			);
			path = MapSubViews;
			sourceTree = "<group>";
		};
		DA56FFED2AE362000040855B /* Font */ = {
			isa = PBXGroup;
			children = (
				DA99F9F22AFA50D700B1483F /* Pretendard-Black.otf */,
				DA99F9F02AFA50D700B1483F /* Pretendard-Bold.otf */,
				DA99F9EE2AFA50D600B1483F /* Pretendard-ExtraBold.otf */,
				DA99F9EF2AFA50D600B1483F /* Pretendard-ExtraLight.otf */,
				DA99F9F12AFA50D700B1483F /* Pretendard-Light.otf */,
				DA99F9ED2AFA50D600B1483F /* Pretendard-Medium.otf */,
				DA99F9EA2AFA50D600B1483F /* Pretendard-Regular.otf */,
				DA99F9E92AFA50D500B1483F /* Pretendard-SemiBold.otf */,
				DA99F9EB2AFA50D600B1483F /* Pretendard-Thin.otf */,
				DA99F9E72AFA4F9000B1483F /* Font.swift */,
			);
			path = Font;
			sourceTree = "<group>";
		};
		DA71C8302AD787AC00081ED0 = {
			isa = PBXGroup;
			children = (
				DA45137D2AFA6DC1007AD69B /* OpenAIConfiguration.xcconfig */,
				DA71C83B2AD787AC00081ED0 /* dogArea */,
				DA95CC6A2ADE0682004AD94D /* OpenAIClient */,
				DA3C140C2AF0847600324A14 /* Frameworks */,
				DA71C83A2AD787AC00081ED0 /* Products */,
				DA933BC12AD7F0150029856C /* Recovered References */,
			);
			sourceTree = "<group>";
		};
		DA71C83A2AD787AC00081ED0 /* Products */ = {
			isa = PBXGroup;
			children = (
				DA71C8392AD787AC00081ED0 /* dogArea.app */,
				DA95CC692ADE0682004AD94D /* OpenAIClient.framework */,
			);
			name = Products;
			sourceTree = "<group>";
		};
		DA71C83B2AD787AC00081ED0 /* dogArea */ = {
			isa = PBXGroup;
			children = (
				DA71C83C2AD787AC00081ED0 /* dogAreaApp.swift */,
				DA1731722AE2017500EF10C8 /* PersistenceController.swift */,
				DA17316F2AE200C100EF10C8 /* dogArea.xcdatamodeld */,
				DA1731742AE20A3600EF10C8 /* Resource */,
				DA3F9BAC2AE0F2410048550C /* Source */,
				DA3F9B962AE0F14F0048550C /* Views */,
				DA0FB2082AD7B21C00B235CF /* Info.plist */,
				DA71C8402AD787AC00081ED0 /* Item.swift */,
				DA71C8422AD787AD00081ED0 /* Assets.xcassets */,
				DA71C8442AD787AD00081ED0 /* Preview Content */,
			);
			path = dogArea;
			sourceTree = "<group>";
		};
		DA71C8442AD787AD00081ED0 /* Preview Content */ = {
			isa = PBXGroup;
			children = (
				DA71C8452AD787AD00081ED0 /* Preview Assets.xcassets */,
			);
			path = "Preview Content";
			sourceTree = "<group>";
		};
		DA822CDA2AFB6056001EC94D /* ProfileSettingView */ = {
			isa = PBXGroup;
			children = (
				DA3F9B972AE0F14F0048550C /* ProfileSettingsView.swift */,
				DA3F9B982AE0F14F0048550C /* NotificationCenterView.swift */,
				DA8BB9E72B0255B700E350C4 /* SettingViewModel.swift */,
			);
			path = ProfileSettingView;
			sourceTree = "<group>";
		};
		DA933BC12AD7F0150029856C /* Recovered References */ = {
			isa = PBXGroup;
			children = (
			);
			name = "Recovered References";
			sourceTree = "<group>";
		};
		DA95CC6A2ADE0682004AD94D /* OpenAIClient */ = {
			isa = PBXGroup;
			children = (
				DA95CC6B2ADE0682004AD94D /* OpenAIClient.h */,
				DA95CC7E2ADE0A62004AD94D /* openapi.yaml */,
				DA95CC802ADE0ADA004AD94D /* openapi-generator-config.yaml */,
				DA95CC822ADE0B8C004AD94D /* OpenAIClient.swift */,
			);
			path = OpenAIClient;
			sourceTree = "<group>";
		};
		DA95CC852ADE11F7004AD94D /* ImageGeneratorView */ = {
			isa = PBXGroup;
			children = (
				DA95CC8A2ADE1475004AD94D /* TextToImageView.swift */,
				DA95CC862ADE1209004AD94D /* ImageGenerateViewModel.swift */,
			);
			path = ImageGeneratorView;
			sourceTree = "<group>";
		};
		DAED24F92AFA1C8A0044715A /* Animations */ = {
			isa = PBXGroup;
			children = (
				DA99F9E02AFA343F00B1483F /* dogAreaSplash.json */,
				DAED24FA2AFA1C980044715A /* LottieView.swift */,
			);
			path = Animations;
			sourceTree = "<group>";
		};
/* End PBXGroup section */

/* Begin PBXHeadersBuildPhase section */
		DA95CC642ADE0682004AD94D /* Headers */ = {
			isa = PBXHeadersBuildPhase;
			buildActionMask = 2147483647;
			files = (
				DA95CC6C2ADE0682004AD94D /* OpenAIClient.h in Headers */,
			);
			runOnlyForDeploymentPostprocessing = 0;
		};
/* End PBXHeadersBuildPhase section */

/* Begin PBXNativeTarget section */
		DA71C8382AD787AC00081ED0 /* dogArea */ = {
			isa = PBXNativeTarget;
			buildConfigurationList = DA71C8492AD787AD00081ED0 /* Build configuration list for PBXNativeTarget "dogArea" */;
			buildPhases = (
				DA71C8352AD787AC00081ED0 /* Sources */,
				DA71C8362AD787AC00081ED0 /* Frameworks */,
				DA71C8372AD787AC00081ED0 /* Resources */,
				DA95CC742ADE0682004AD94D /* Embed Frameworks */,
				DA3C141C2AF0847600324A14 /* Embed Foundation Extensions */,
			);
			buildRules = (
			);
			dependencies = (
				DA95CC6E2ADE0682004AD94D /* PBXTargetDependency */,
			);
			name = dogArea;
			packageProductDependencies = (
				DA99F9B02AFA1EAB00B1483F /* Lottie */,
			);
			productName = dogArea;
			productReference = DA71C8392AD787AC00081ED0 /* dogArea.app */;
			productType = "com.apple.product-type.application";
		};
		DA95CC682ADE0682004AD94D /* OpenAIClient */ = {
			isa = PBXNativeTarget;
			buildConfigurationList = DA95CC712ADE0682004AD94D /* Build configuration list for PBXNativeTarget "OpenAIClient" */;
			buildPhases = (
				DA95CC642ADE0682004AD94D /* Headers */,
				DA95CC652ADE0682004AD94D /* Sources */,
				DA95CC662ADE0682004AD94D /* Frameworks */,
				DA95CC672ADE0682004AD94D /* Resources */,
			);
			buildRules = (
			);
			dependencies = (
				DA95CC7D2ADE0A28004AD94D /* PBXTargetDependency */,
			);
			name = OpenAIClient;
			packageProductDependencies = (
				DA95CC772ADE09D6004AD94D /* OpenAPIRuntime */,
				DA95CC7A2ADE0A07004AD94D /* OpenAPIURLSession */,
			);
			productName = OpenAIClient;
			productReference = DA95CC692ADE0682004AD94D /* OpenAIClient.framework */;
			productType = "com.apple.product-type.framework";
		};
/* End PBXNativeTarget section */

/* Begin PBXProject section */
		DA71C8312AD787AC00081ED0 /* Project object */ = {
			isa = PBXProject;
			attributes = {
				BuildIndependentTargetsInParallel = 1;
				LastSwiftUpdateCheck = 1500;
				LastUpgradeCheck = 1500;
				TargetAttributes = {
					DA71C8382AD787AC00081ED0 = {
						CreatedOnToolsVersion = 15.0;
					};
					DA95CC682ADE0682004AD94D = {
						CreatedOnToolsVersion = 15.0;
						LastSwiftMigration = 1500;
					};
				};
			};
			buildConfigurationList = DA71C8342AD787AC00081ED0 /* Build configuration list for PBXProject "dogArea" */;
			compatibilityVersion = "Xcode 14.0";
			developmentRegion = en;
			hasScannedForEncodings = 0;
			knownRegions = (
				en,
				Base,
			);
			mainGroup = DA71C8302AD787AC00081ED0;
			packageReferences = (
				DA38B8D92AD7BCD000148347 /* XCRemoteSwiftPackageReference "KakaoMapsSDK-SPM" */,
				DA95CC752ADE09AF004AD94D /* XCRemoteSwiftPackageReference "swift-openapi-generator" */,
				DA95CC762ADE09D6004AD94D /* XCRemoteSwiftPackageReference "swift-openapi-runtime" */,
				DA95CC792ADE0A07004AD94D /* XCRemoteSwiftPackageReference "swift-openapi-urlsession" */,
				DAED24F82AFA1C7A0044715A /* XCRemoteSwiftPackageReference "lottie-ios" */,
			);
			productRefGroup = DA71C83A2AD787AC00081ED0 /* Products */;
			projectDirPath = "";
			projectRoot = "";
			targets = (
				DA71C8382AD787AC00081ED0 /* dogArea */,
				DA95CC682ADE0682004AD94D /* OpenAIClient */,
			);
		};
/* End PBXProject section */

/* Begin PBXResourcesBuildPhase section */
		DA71C8372AD787AC00081ED0 /* Resources */ = {
			isa = PBXResourcesBuildPhase;
			buildActionMask = 2147483647;
			files = (
				DA99F9FD2AFA50D700B1483F /* Pretendard-ExtraLight.otf in Resources */,
				DA99F9FF2AFA50D700B1483F /* Pretendard-Bold.otf in Resources */,
				DA99F9F92AFA50D700B1483F /* Pretendard-Medium.otf in Resources */,
				DA71C8462AD787AD00081ED0 /* Preview Assets.xcassets in Resources */,
				DA99F9FB2AFA50D700B1483F /* Pretendard-ExtraBold.otf in Resources */,
				DA99FA012AFA50D700B1483F /* Pretendard-Light.otf in Resources */,
				DA71C8432AD787AD00081ED0 /* Assets.xcassets in Resources */,
				DA99F9F52AFA50D700B1483F /* Pretendard-Regular.otf in Resources */,
				DA99F9F72AFA50D700B1483F /* Pretendard-Thin.otf in Resources */,
				DA99F9E12AFA343F00B1483F /* dogAreaSplash.json in Resources */,
				DA99FA032AFA50D700B1483F /* Pretendard-Black.otf in Resources */,
				DA99F9F32AFA50D700B1483F /* Pretendard-SemiBold.otf in Resources */,
			);
			runOnlyForDeploymentPostprocessing = 0;
		};
		DA95CC672ADE0682004AD94D /* Resources */ = {
			isa = PBXResourcesBuildPhase;
			buildActionMask = 2147483647;
			files = (
				DA99F9F42AFA50D700B1483F /* Pretendard-SemiBold.otf in Resources */,
				DA99F9F82AFA50D700B1483F /* Pretendard-Thin.otf in Resources */,
				DA99F9FE2AFA50D700B1483F /* Pretendard-ExtraLight.otf in Resources */,
				DA99FA022AFA50D700B1483F /* Pretendard-Light.otf in Resources */,
				DA99F9FC2AFA50D700B1483F /* Pretendard-ExtraBold.otf in Resources */,
				DA99F9F62AFA50D700B1483F /* Pretendard-Regular.otf in Resources */,
				DA99FA042AFA50D700B1483F /* Pretendard-Black.otf in Resources */,
				DA95CC7F2ADE0A62004AD94D /* openapi.yaml in Resources */,
				DA95CC812ADE0ADA004AD94D /* openapi-generator-config.yaml in Resources */,
				DA99FA002AFA50D700B1483F /* Pretendard-Bold.otf in Resources */,
				DA99F9FA2AFA50D700B1483F /* Pretendard-Medium.otf in Resources */,
			);
			runOnlyForDeploymentPostprocessing = 0;
		};
/* End PBXResourcesBuildPhase section */

/* Begin PBXSourcesBuildPhase section */
		DA71C8352AD787AC00081ED0 /* Sources */ = {
			isa = PBXSourcesBuildPhase;
			buildActionMask = 2147483647;
			files = (
				DA8BB9E52B024B1900E350C4 /* MapCapture.swift in Sources */,
				DA3F9BA62AE0F14F0048550C /* WalkListView.swift in Sources */,
				DA3F9BD52AE0FF9B0048550C /* CustomTabBar.swift in Sources */,
				DA3F9BA22AE0F14F0048550C /* HomeView.swift in Sources */,
				DA95CC8D2ADE1736004AD94D /* ImageGenerateViewModel.swift in Sources */,
				DA354FFD2B01DF1F00E4094A /* TimeIntervalExtensions.swift in Sources */,
				DA45138C2AFB36D4007AD69B /* WalkListModel.swift in Sources */,
				DA3F9BA12AE0F14F0048550C /* NotificationCenterView.swift in Sources */,
				DA1731712AE200C100EF10C8 /* dogArea.xcdatamodeld in Sources */,
				DA933BE92ADD04E70029856C /* CustomAlertView.swift in Sources */,
				DAAE22232AFCC225005FD096 /* WalkDetailView.swift in Sources */,
				DA4513862AFB2CFC007AD69B /* WalkListViewModel.swift in Sources */,
				DA3F9BAE2AE0F2410048550C /* ViewUtility.swift in Sources */,
				DA3F9BA42AE0F14F0048550C /* MapViewModel.swift in Sources */,
				DA390A6F2AFE027C00BACF2B /* MapSubView.swift in Sources */,
				DA390A722AFE168500BACF2B /* SimpleMapView.swift in Sources */,
				DA3F9BA32AE0F14F0048550C /* MapView.swift in Sources */,
				DA56FFE82AE2B9890040855B /* MapAlertSubView.swift in Sources */,
				DA390A782AFE1E1200BACF2B /* MapCaptureView.swift in Sources */,
				DA8BB9E82B0255B700E350C4 /* SettingViewModel.swift in Sources */,
				DA71C8412AD787AC00081ED0 /* Item.swift in Sources */,
				DA3F9B392ADE813A0048550C /* CustomAlertConfigure.swift in Sources */,
				DA822CDD2AFB60B6001EC94D /* MapSettingView.swift in Sources */,
				DA71C83D2AD787AC00081ED0 /* dogAreaApp.swift in Sources */,
				DA1731732AE2017500EF10C8 /* PersistenceController.swift in Sources */,
				DAA8E4F92B01A80C00F9190B /* TabAppear.swift in Sources */,
				DA3F9BA52AE0F14F0048550C /* MapModel.swift in Sources */,
				DA4513832AFB25C2007AD69B /* PositionMarkerView.swift in Sources */,
				DAED25022AFA1D430044715A /* SplashView.swift in Sources */,
				DA99F9E62AFA4F3E00B1483F /* Color.swift in Sources */,
				DA3F9BD32AE0FF8A0048550C /* RootView.swift in Sources */,
				DA99F9E82AFA4F9000B1483F /* Font.swift in Sources */,
				DA3F9B362ADE7C100048550C /* CustomAlertViewModel.swift in Sources */,
				DAA8E4D62B01A03700F9190B /* WalkListDetailView.swift in Sources */,
				DA3F9BA02AE0F14F0048550C /* ProfileSettingsView.swift in Sources */,
				DA4513892AFB2D68007AD69B /* CoreDataProtocol.swift in Sources */,
				DAED24FB2AFA1C980044715A /* LottieView.swift in Sources */,
				DA1731762AE20A4D00EF10C8 /* CoreDataDTO.swift in Sources */,
				DA822CD62AFB5E21001EC94D /* StartButtonView.swift in Sources */,
				DA390A752AFE1AFC00BACF2B /* SimpleMessageView.swift in Sources */,
				DAAE221F2AFCBDC4005FD096 /* StartModalView.swift in Sources */,
				DA4513802AFB1EC1007AD69B /* WalkListCell.swift in Sources */,
				DA3550022B01E0F900E4094A /* UnderLine.swift in Sources */,
				DA95CC8B2ADE1475004AD94D /* TextToImageView.swift in Sources */,
			);
			runOnlyForDeploymentPostprocessing = 0;
		};
		DA95CC652ADE0682004AD94D /* Sources */ = {
			isa = PBXSourcesBuildPhase;
			buildActionMask = 2147483647;
			files = (
				DA95CC832ADE0B8C004AD94D /* OpenAIClient.swift in Sources */,
			);
			runOnlyForDeploymentPostprocessing = 0;
		};
/* End PBXSourcesBuildPhase section */

/* Begin PBXTargetDependency section */
		DA95CC6E2ADE0682004AD94D /* PBXTargetDependency */ = {
			isa = PBXTargetDependency;
			target = DA95CC682ADE0682004AD94D /* OpenAIClient */;
			targetProxy = DA95CC6D2ADE0682004AD94D /* PBXContainerItemProxy */;
		};
		DA95CC7D2ADE0A28004AD94D /* PBXTargetDependency */ = {
			isa = PBXTargetDependency;
			productRef = DA95CC7C2ADE0A28004AD94D /* OpenAPIGenerator */;
		};
/* End PBXTargetDependency section */

/* Begin XCBuildConfiguration section */
		DA71C8472AD787AD00081ED0 /* Debug */ = {
			isa = XCBuildConfiguration;
			baseConfigurationReference = DA45137D2AFA6DC1007AD69B /* OpenAIConfiguration.xcconfig */;
			buildSettings = {
				ALWAYS_SEARCH_USER_PATHS = NO;
				ASSETCATALOG_COMPILER_GENERATE_SWIFT_ASSET_SYMBOL_EXTENSIONS = YES;
				CLANG_ANALYZER_NONNULL = YES;
				CLANG_ANALYZER_NUMBER_OBJECT_CONVERSION = YES_AGGRESSIVE;
				CLANG_CXX_LANGUAGE_STANDARD = "gnu++20";
				CLANG_ENABLE_MODULES = YES;
				CLANG_ENABLE_OBJC_ARC = YES;
				CLANG_ENABLE_OBJC_WEAK = YES;
				CLANG_WARN_BLOCK_CAPTURE_AUTORELEASING = YES;
				CLANG_WARN_BOOL_CONVERSION = YES;
				CLANG_WARN_COMMA = YES;
				CLANG_WARN_CONSTANT_CONVERSION = YES;
				CLANG_WARN_DEPRECATED_OBJC_IMPLEMENTATIONS = YES;
				CLANG_WARN_DIRECT_OBJC_ISA_USAGE = YES_ERROR;
				CLANG_WARN_DOCUMENTATION_COMMENTS = YES;
				CLANG_WARN_EMPTY_BODY = YES;
				CLANG_WARN_ENUM_CONVERSION = YES;
				CLANG_WARN_INFINITE_RECURSION = YES;
				CLANG_WARN_INT_CONVERSION = YES;
				CLANG_WARN_NON_LITERAL_NULL_CONVERSION = YES;
				CLANG_WARN_OBJC_IMPLICIT_RETAIN_SELF = YES;
				CLANG_WARN_OBJC_LITERAL_CONVERSION = YES;
				CLANG_WARN_OBJC_ROOT_CLASS = YES_ERROR;
				CLANG_WARN_QUOTED_INCLUDE_IN_FRAMEWORK_HEADER = YES;
				CLANG_WARN_RANGE_LOOP_ANALYSIS = YES;
				CLANG_WARN_STRICT_PROTOTYPES = YES;
				CLANG_WARN_SUSPICIOUS_MOVE = YES;
				CLANG_WARN_UNGUARDED_AVAILABILITY = YES_AGGRESSIVE;
				CLANG_WARN_UNREACHABLE_CODE = YES;
				CLANG_WARN__DUPLICATE_METHOD_MATCH = YES;
				COPY_PHASE_STRIP = NO;
				DEBUG_INFORMATION_FORMAT = dwarf;
				ENABLE_STRICT_OBJC_MSGSEND = YES;
				ENABLE_TESTABILITY = YES;
				ENABLE_USER_SCRIPT_SANDBOXING = YES;
				GCC_C_LANGUAGE_STANDARD = gnu17;
				GCC_DYNAMIC_NO_PIC = NO;
				GCC_NO_COMMON_BLOCKS = YES;
				GCC_OPTIMIZATION_LEVEL = 0;
				GCC_PREPROCESSOR_DEFINITIONS = (
					"DEBUG=1",
					"$(inherited)",
				);
				GCC_WARN_64_TO_32_BIT_CONVERSION = YES;
				GCC_WARN_ABOUT_RETURN_TYPE = YES_ERROR;
				GCC_WARN_UNDECLARED_SELECTOR = YES;
				GCC_WARN_UNINITIALIZED_AUTOS = YES_AGGRESSIVE;
				GCC_WARN_UNUSED_FUNCTION = YES;
				GCC_WARN_UNUSED_VARIABLE = YES;
				IPHONEOS_DEPLOYMENT_TARGET = 17.0;
				LOCALIZATION_PREFERS_STRING_CATALOGS = YES;
				MTL_ENABLE_DEBUG_INFO = INCLUDE_SOURCE;
				MTL_FAST_MATH = YES;
				ONLY_ACTIVE_ARCH = YES;
				SDKROOT = iphoneos;
				SWIFT_ACTIVE_COMPILATION_CONDITIONS = "DEBUG $(inherited)";
				SWIFT_OPTIMIZATION_LEVEL = "-Onone";
			};
			name = Debug;
		};
		DA71C8482AD787AD00081ED0 /* Release */ = {
			isa = XCBuildConfiguration;
			baseConfigurationReference = DA45137D2AFA6DC1007AD69B /* OpenAIConfiguration.xcconfig */;
			buildSettings = {
				ALWAYS_SEARCH_USER_PATHS = NO;
				ASSETCATALOG_COMPILER_GENERATE_SWIFT_ASSET_SYMBOL_EXTENSIONS = YES;
				CLANG_ANALYZER_NONNULL = YES;
				CLANG_ANALYZER_NUMBER_OBJECT_CONVERSION = YES_AGGRESSIVE;
				CLANG_CXX_LANGUAGE_STANDARD = "gnu++20";
				CLANG_ENABLE_MODULES = YES;
				CLANG_ENABLE_OBJC_ARC = YES;
				CLANG_ENABLE_OBJC_WEAK = YES;
				CLANG_WARN_BLOCK_CAPTURE_AUTORELEASING = YES;
				CLANG_WARN_BOOL_CONVERSION = YES;
				CLANG_WARN_COMMA = YES;
				CLANG_WARN_CONSTANT_CONVERSION = YES;
				CLANG_WARN_DEPRECATED_OBJC_IMPLEMENTATIONS = YES;
				CLANG_WARN_DIRECT_OBJC_ISA_USAGE = YES_ERROR;
				CLANG_WARN_DOCUMENTATION_COMMENTS = YES;
				CLANG_WARN_EMPTY_BODY = YES;
				CLANG_WARN_ENUM_CONVERSION = YES;
				CLANG_WARN_INFINITE_RECURSION = YES;
				CLANG_WARN_INT_CONVERSION = YES;
				CLANG_WARN_NON_LITERAL_NULL_CONVERSION = YES;
				CLANG_WARN_OBJC_IMPLICIT_RETAIN_SELF = YES;
				CLANG_WARN_OBJC_LITERAL_CONVERSION = YES;
				CLANG_WARN_OBJC_ROOT_CLASS = YES_ERROR;
				CLANG_WARN_QUOTED_INCLUDE_IN_FRAMEWORK_HEADER = YES;
				CLANG_WARN_RANGE_LOOP_ANALYSIS = YES;
				CLANG_WARN_STRICT_PROTOTYPES = YES;
				CLANG_WARN_SUSPICIOUS_MOVE = YES;
				CLANG_WARN_UNGUARDED_AVAILABILITY = YES_AGGRESSIVE;
				CLANG_WARN_UNREACHABLE_CODE = YES;
				CLANG_WARN__DUPLICATE_METHOD_MATCH = YES;
				COPY_PHASE_STRIP = NO;
				DEBUG_INFORMATION_FORMAT = "dwarf-with-dsym";
				ENABLE_NS_ASSERTIONS = NO;
				ENABLE_STRICT_OBJC_MSGSEND = YES;
				ENABLE_USER_SCRIPT_SANDBOXING = YES;
				GCC_C_LANGUAGE_STANDARD = gnu17;
				GCC_NO_COMMON_BLOCKS = YES;
				GCC_WARN_64_TO_32_BIT_CONVERSION = YES;
				GCC_WARN_ABOUT_RETURN_TYPE = YES_ERROR;
				GCC_WARN_UNDECLARED_SELECTOR = YES;
				GCC_WARN_UNINITIALIZED_AUTOS = YES_AGGRESSIVE;
				GCC_WARN_UNUSED_FUNCTION = YES;
				GCC_WARN_UNUSED_VARIABLE = YES;
				IPHONEOS_DEPLOYMENT_TARGET = 17.0;
				LOCALIZATION_PREFERS_STRING_CATALOGS = YES;
				MTL_ENABLE_DEBUG_INFO = NO;
				MTL_FAST_MATH = YES;
				SDKROOT = iphoneos;
				SWIFT_COMPILATION_MODE = wholemodule;
				VALIDATE_PRODUCT = YES;
			};
			name = Release;
		};
		DA71C84A2AD787AD00081ED0 /* Debug */ = {
			isa = XCBuildConfiguration;
			baseConfigurationReference = DA45137D2AFA6DC1007AD69B /* OpenAIConfiguration.xcconfig */;
			buildSettings = {
				ALWAYS_EMBED_SWIFT_STANDARD_LIBRARIES = YES;
				ASSETCATALOG_COMPILER_APPICON_NAME = AppIcon;
				ASSETCATALOG_COMPILER_GLOBAL_ACCENT_COLOR_NAME = AccentColor;
				CODE_SIGN_IDENTITY = "Apple Development";
				"CODE_SIGN_IDENTITY[sdk=iphoneos*]" = "iPhone Developer";
				CODE_SIGN_STYLE = Manual;
				CURRENT_PROJECT_VERSION = 1;
				DEVELOPMENT_ASSET_PATHS = "\"dogArea/Preview Content\"";
				DEVELOPMENT_TEAM = "";
				"DEVELOPMENT_TEAM[sdk=iphoneos*]" = 7Y3Y9M4N4F;
				ENABLE_PREVIEWS = YES;
				GENERATE_INFOPLIST_FILE = YES;
				INFOPLIST_FILE = dogArea/Info.plist;
				INFOPLIST_KEY_CFBundleDisplayName = "영역표시";
				INFOPLIST_KEY_LSApplicationCategoryType = "public.app-category.lifestyle";
				INFOPLIST_KEY_NSLocationAlwaysAndWhenInUseUsageDescription = "사용자의 위치 정보를 가져오기 위함입니다.";
				INFOPLIST_KEY_NSLocationWhenInUseUsageDescription = "사용자의 위치 정보를 가져오기 위함입니다.";
				INFOPLIST_KEY_UIApplicationSceneManifest_Generation = YES;
				INFOPLIST_KEY_UIApplicationSupportsIndirectInputEvents = YES;
				INFOPLIST_KEY_UILaunchScreen_Generation = YES;
				INFOPLIST_KEY_UISupportedInterfaceOrientations_iPad = "UIInterfaceOrientationPortrait UIInterfaceOrientationPortraitUpsideDown UIInterfaceOrientationLandscapeLeft UIInterfaceOrientationLandscapeRight";
				INFOPLIST_KEY_UISupportedInterfaceOrientations_iPhone = "UIInterfaceOrientationPortrait UIInterfaceOrientationLandscapeLeft UIInterfaceOrientationLandscapeRight";
				LD_RUNPATH_SEARCH_PATHS = (
					"$(inherited)",
					"@executable_path/Frameworks",
				);
				MARKETING_VERSION = 1.0;
				OpenAIKey = "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";
				PRODUCT_BUNDLE_IDENTIFIER = com.th.dogArea;
				PRODUCT_NAME = "$(TARGET_NAME)";
				PROVISIONING_PROFILE_SPECIFIER = "";
				"PROVISIONING_PROFILE_SPECIFIER[sdk=iphoneos*]" = dogArea;
				SWIFT_EMIT_LOC_STRINGS = YES;
				SWIFT_VERSION = 5.0;
				TARGETED_DEVICE_FAMILY = "1,2";
			};
			name = Debug;
		};
		DA71C84B2AD787AD00081ED0 /* Release */ = {
			isa = XCBuildConfiguration;
			baseConfigurationReference = DA45137D2AFA6DC1007AD69B /* OpenAIConfiguration.xcconfig */;
			buildSettings = {
				ALWAYS_EMBED_SWIFT_STANDARD_LIBRARIES = YES;
				ASSETCATALOG_COMPILER_APPICON_NAME = AppIcon;
				ASSETCATALOG_COMPILER_GLOBAL_ACCENT_COLOR_NAME = AccentColor;
				CODE_SIGN_IDENTITY = "Apple Development";
				"CODE_SIGN_IDENTITY[sdk=iphoneos*]" = "iPhone Distribution";
				CODE_SIGN_STYLE = Manual;
				CURRENT_PROJECT_VERSION = 1;
				DEVELOPMENT_ASSET_PATHS = "\"dogArea/Preview Content\"";
				DEVELOPMENT_TEAM = "";
				"DEVELOPMENT_TEAM[sdk=iphoneos*]" = 7Y3Y9M4N4F;
				ENABLE_PREVIEWS = YES;
				GENERATE_INFOPLIST_FILE = YES;
				INFOPLIST_FILE = dogArea/Info.plist;
				INFOPLIST_KEY_CFBundleDisplayName = "영역표시";
				INFOPLIST_KEY_LSApplicationCategoryType = "public.app-category.lifestyle";
				INFOPLIST_KEY_NSLocationAlwaysAndWhenInUseUsageDescription = "사용자의 위치 정보를 가져오기 위함입니다.";
				INFOPLIST_KEY_NSLocationWhenInUseUsageDescription = "사용자의 위치 정보를 가져오기 위함입니다.";
				INFOPLIST_KEY_UIApplicationSceneManifest_Generation = YES;
				INFOPLIST_KEY_UIApplicationSupportsIndirectInputEvents = YES;
				INFOPLIST_KEY_UILaunchScreen_Generation = YES;
				INFOPLIST_KEY_UISupportedInterfaceOrientations_iPad = "UIInterfaceOrientationPortrait UIInterfaceOrientationPortraitUpsideDown UIInterfaceOrientationLandscapeLeft UIInterfaceOrientationLandscapeRight";
				INFOPLIST_KEY_UISupportedInterfaceOrientations_iPhone = "UIInterfaceOrientationPortrait UIInterfaceOrientationLandscapeLeft UIInterfaceOrientationLandscapeRight";
				LD_RUNPATH_SEARCH_PATHS = (
					"$(inherited)",
					"@executable_path/Frameworks",
				);
				MARKETING_VERSION = 1.0;
				OpenAIKey = "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";
				PRODUCT_BUNDLE_IDENTIFIER = com.th.dogArea;
				PRODUCT_NAME = "$(TARGET_NAME)";
				PROVISIONING_PROFILE_SPECIFIER = "";
				"PROVISIONING_PROFILE_SPECIFIER[sdk=iphoneos*]" = dogAreaDist;
				SWIFT_EMIT_LOC_STRINGS = YES;
				SWIFT_VERSION = 5.0;
				TARGETED_DEVICE_FAMILY = "1,2";
			};
			name = Release;
		};
		DA95CC722ADE0682004AD94D /* Debug */ = {
			isa = XCBuildConfiguration;
			baseConfigurationReference = DA45137D2AFA6DC1007AD69B /* OpenAIConfiguration.xcconfig */;
			buildSettings = {
				CLANG_ENABLE_MODULES = YES;
				CODE_SIGN_STYLE = Automatic;
				CURRENT_PROJECT_VERSION = 1;
				DEFINES_MODULE = YES;
				DEVELOPMENT_TEAM = 7Y3Y9M4N4F;
				DYLIB_COMPATIBILITY_VERSION = 1;
				DYLIB_CURRENT_VERSION = 1;
				DYLIB_INSTALL_NAME_BASE = "@rpath";
				ENABLE_MODULE_VERIFIER = YES;
				GENERATE_INFOPLIST_FILE = YES;
				INFOPLIST_KEY_NSHumanReadableCopyright = "";
				INSTALL_PATH = "$(LOCAL_LIBRARY_DIR)/Frameworks";
				LD_RUNPATH_SEARCH_PATHS = (
					"$(inherited)",
					"@executable_path/Frameworks",
					"@loader_path/Frameworks",
				);
				MARKETING_VERSION = 1.0;
				MODULE_VERIFIER_SUPPORTED_LANGUAGES = "objective-c objective-c++";
				MODULE_VERIFIER_SUPPORTED_LANGUAGE_STANDARDS = "gnu17 gnu++20";
				PRODUCT_BUNDLE_IDENTIFIER = com.th.OpenAIClient;
				PRODUCT_NAME = "$(TARGET_NAME:c99extidentifier)";
				SKIP_INSTALL = YES;
				SWIFT_EMIT_LOC_STRINGS = YES;
				SWIFT_OPTIMIZATION_LEVEL = "-Onone";
				SWIFT_VERSION = 5.0;
				TARGETED_DEVICE_FAMILY = "1,2";
				VERSIONING_SYSTEM = "apple-generic";
				VERSION_INFO_PREFIX = "";
			};
			name = Debug;
		};
		DA95CC732ADE0682004AD94D /* Release */ = {
			isa = XCBuildConfiguration;
			baseConfigurationReference = DA45137D2AFA6DC1007AD69B /* OpenAIConfiguration.xcconfig */;
			buildSettings = {
				CLANG_ENABLE_MODULES = YES;
				CODE_SIGN_STYLE = Automatic;
				CURRENT_PROJECT_VERSION = 1;
				DEFINES_MODULE = YES;
				DEVELOPMENT_TEAM = 7Y3Y9M4N4F;
				DYLIB_COMPATIBILITY_VERSION = 1;
				DYLIB_CURRENT_VERSION = 1;
				DYLIB_INSTALL_NAME_BASE = "@rpath";
				ENABLE_MODULE_VERIFIER = YES;
				GENERATE_INFOPLIST_FILE = YES;
				INFOPLIST_KEY_NSHumanReadableCopyright = "";
				INSTALL_PATH = "$(LOCAL_LIBRARY_DIR)/Frameworks";
				LD_RUNPATH_SEARCH_PATHS = (
					"$(inherited)",
					"@executable_path/Frameworks",
					"@loader_path/Frameworks",
				);
				MARKETING_VERSION = 1.0;
				MODULE_VERIFIER_SUPPORTED_LANGUAGES = "objective-c objective-c++";
				MODULE_VERIFIER_SUPPORTED_LANGUAGE_STANDARDS = "gnu17 gnu++20";
				PRODUCT_BUNDLE_IDENTIFIER = com.th.OpenAIClient;
				PRODUCT_NAME = "$(TARGET_NAME:c99extidentifier)";
				SKIP_INSTALL = YES;
				SWIFT_EMIT_LOC_STRINGS = YES;
				SWIFT_VERSION = 5.0;
				TARGETED_DEVICE_FAMILY = "1,2";
				VERSIONING_SYSTEM = "apple-generic";
				VERSION_INFO_PREFIX = "";
			};
			name = Release;
		};
/* End XCBuildConfiguration section */

/* Begin XCConfigurationList section */
		DA71C8342AD787AC00081ED0 /* Build configuration list for PBXProject "dogArea" */ = {
			isa = XCConfigurationList;
			buildConfigurations = (
				DA71C8472AD787AD00081ED0 /* Debug */,
				DA71C8482AD787AD00081ED0 /* Release */,
			);
			defaultConfigurationIsVisible = 0;
			defaultConfigurationName = Release;
		};
		DA71C8492AD787AD00081ED0 /* Build configuration list for PBXNativeTarget "dogArea" */ = {
			isa = XCConfigurationList;
			buildConfigurations = (
				DA71C84A2AD787AD00081ED0 /* Debug */,
				DA71C84B2AD787AD00081ED0 /* Release */,
			);
			defaultConfigurationIsVisible = 0;
			defaultConfigurationName = Release;
		};
		DA95CC712ADE0682004AD94D /* Build configuration list for PBXNativeTarget "OpenAIClient" */ = {
			isa = XCConfigurationList;
			buildConfigurations = (
				DA95CC722ADE0682004AD94D /* Debug */,
				DA95CC732ADE0682004AD94D /* Release */,
			);
			defaultConfigurationIsVisible = 0;
			defaultConfigurationName = Release;
		};
/* End XCConfigurationList section */

/* Begin XCRemoteSwiftPackageReference section */
		DA38B8D92AD7BCD000148347 /* XCRemoteSwiftPackageReference "KakaoMapsSDK-SPM" */ = {
			isa = XCRemoteSwiftPackageReference;
			repositoryURL = "https://github.com/kakao-mapsSDK/KakaoMapsSDK-SPM.git";
			requirement = {
				kind = upToNextMajorVersion;
				minimumVersion = 2.6.2;
			};
		};
		DA95CC752ADE09AF004AD94D /* XCRemoteSwiftPackageReference "swift-openapi-generator" */ = {
			isa = XCRemoteSwiftPackageReference;
			repositoryURL = "https://github.com/apple/swift-openapi-generator";
			requirement = {
				kind = upToNextMinorVersion;
				minimumVersion = 0.3.0;
			};
		};
		DA95CC762ADE09D6004AD94D /* XCRemoteSwiftPackageReference "swift-openapi-runtime" */ = {
			isa = XCRemoteSwiftPackageReference;
			repositoryURL = "https://github.com/apple/swift-openapi-runtime";
			requirement = {
				kind = upToNextMinorVersion;
				minimumVersion = 0.3.2;
			};
		};
		DA95CC792ADE0A07004AD94D /* XCRemoteSwiftPackageReference "swift-openapi-urlsession" */ = {
			isa = XCRemoteSwiftPackageReference;
			repositoryURL = "https://github.com/apple/swift-openapi-urlsession";
			requirement = {
				kind = upToNextMinorVersion;
				minimumVersion = 0.3.0;
			};
		};
		DAED24F82AFA1C7A0044715A /* XCRemoteSwiftPackageReference "lottie-ios" */ = {
			isa = XCRemoteSwiftPackageReference;
			repositoryURL = "https://github.com/airbnb/lottie-ios";
			requirement = {
				kind = upToNextMajorVersion;
				minimumVersion = 4.3.3;
			};
		};
/* End XCRemoteSwiftPackageReference section */

/* Begin XCSwiftPackageProductDependency section */
		DA95CC772ADE09D6004AD94D /* OpenAPIRuntime */ = {
			isa = XCSwiftPackageProductDependency;
			package = DA95CC762ADE09D6004AD94D /* XCRemoteSwiftPackageReference "swift-openapi-runtime" */;
			productName = OpenAPIRuntime;
		};
		DA95CC7A2ADE0A07004AD94D /* OpenAPIURLSession */ = {
			isa = XCSwiftPackageProductDependency;
			package = DA95CC792ADE0A07004AD94D /* XCRemoteSwiftPackageReference "swift-openapi-urlsession" */;
			productName = OpenAPIURLSession;
		};
		DA95CC7C2ADE0A28004AD94D /* OpenAPIGenerator */ = {
			isa = XCSwiftPackageProductDependency;
			package = DA95CC752ADE09AF004AD94D /* XCRemoteSwiftPackageReference "swift-openapi-generator" */;
			productName = "plugin:OpenAPIGenerator";
		};
		DA99F9B02AFA1EAB00B1483F /* Lottie */ = {
			isa = XCSwiftPackageProductDependency;
			package = DAED24F82AFA1C7A0044715A /* XCRemoteSwiftPackageReference "lottie-ios" */;
			productName = Lottie;
		};
/* End XCSwiftPackageProductDependency section */

/* Begin XCVersionGroup section */
		DA17316F2AE200C100EF10C8 /* dogArea.xcdatamodeld */ = {
			isa = XCVersionGroup;
			children = (
				DA1731702AE200C100EF10C8 /* dogArea.xcdatamodel */,
			);
			currentVersion = DA1731702AE200C100EF10C8 /* dogArea.xcdatamodel */;
			path = dogArea.xcdatamodeld;
			sourceTree = "<group>";
			versionGroupType = wrapper.xcdatamodel;
		};
/* End XCVersionGroup section */
	};
	rootObject = DA71C8312AD787AC00081ED0 /* Project object */;
}
